// !$*UTF8*$!
{
	archiveVersion = 1;
	classes = {
	};
	objectVersion = 46;
	objects = {

/* Begin PBXBuildFile section */
		DB2E0A3B1F0FBDF30093AB9D /* AppDelegate.swift in Sources */ = {isa = PBXBuildFile; fileRef = DB2E0A3A1F0FBDF30093AB9D /* AppDelegate.swift */; };
		DB2E0A3D1F0FBDF30093AB9D /* ViewController.swift in Sources */ = {isa = PBXBuildFile; fileRef = DB2E0A3C1F0FBDF30093AB9D /* ViewController.swift */; };
		DB2E0A401F0FBDF30093AB9D /* Main.storyboard in Resources */ = {isa = PBXBuildFile; fileRef = DB2E0A3E1F0FBDF30093AB9D /* Main.storyboard */; };
		DB2E0A421F0FBDF30093AB9D /* Assets.xcassets in Resources */ = {isa = PBXBuildFile; fileRef = DB2E0A411F0FBDF30093AB9D /* Assets.xcassets */; };
		DB2E0A451F0FBDF30093AB9D /* LaunchScreen.storyboard in Resources */ = {isa = PBXBuildFile; fileRef = DB2E0A431F0FBDF30093AB9D /* LaunchScreen.storyboard */; };
		DB2E0A4D1F0FBE5F0093AB9D /* TableViewCell.swift in Sources */ = {isa = PBXBuildFile; fileRef = DB2E0A4C1F0FBE5F0093AB9D /* TableViewCell.swift */; };
		DB2E0A4F1F0FBEB40093AB9D /* addContentViewController.swift in Sources */ = {isa = PBXBuildFile; fileRef = DB2E0A4E1F0FBEB40093AB9D /* addContentViewController.swift */; };
		DB2FC4AC1F10698A00AEEE14 /* Interface.storyboard in Resources */ = {isa = PBXBuildFile; fileRef = DB2FC4AA1F10698A00AEEE14 /* Interface.storyboard */; };
		DB2FC4AE1F10698A00AEEE14 /* Assets.xcassets in Resources */ = {isa = PBXBuildFile; fileRef = DB2FC4AD1F10698A00AEEE14 /* Assets.xcassets */; };
		DB2FC4B51F10698A00AEEE14 /* watchkit Extension.appex in Embed App Extensions */ = {isa = PBXBuildFile; fileRef = DB2FC4B41F10698A00AEEE14 /* watchkit Extension.appex */; settings = {ATTRIBUTES = (RemoveHeadersOnCopy, ); }; };
		DB2FC4BA1F10698A00AEEE14 /* InterfaceController.swift in Sources */ = {isa = PBXBuildFile; fileRef = DB2FC4B91F10698A00AEEE14 /* InterfaceController.swift */; };
		DB2FC4BC1F10698A00AEEE14 /* ExtensionDelegate.swift in Sources */ = {isa = PBXBuildFile; fileRef = DB2FC4BB1F10698A00AEEE14 /* ExtensionDelegate.swift */; };
		DB2FC4BE1F10698A00AEEE14 /* Assets.xcassets in Resources */ = {isa = PBXBuildFile; fileRef = DB2FC4BD1F10698A00AEEE14 /* Assets.xcassets */; };
		DB2FC4C21F10698A00AEEE14 /* watchkit.app in Embed Watch Content */ = {isa = PBXBuildFile; fileRef = DB2FC4A81F10698A00AEEE14 /* watchkit.app */; };
		DB2FC4E11F106BDA00AEEE14 /* SwiftCoreDataHelper.swift in Sources */ = {isa = PBXBuildFile; fileRef = DB2FC4E01F106BDA00AEEE14 /* SwiftCoreDataHelper.swift */; };
		DBFE18A41F110E8F002B956D /* Model.xcdatamodeld in Sources */ = {isa = PBXBuildFile; fileRef = DB2FC4891F0FD98200AEEE14 /* Model.xcdatamodeld */; };
		DBFE18A51F110E94002B956D /* Content+CoreDataProperties.swift in Sources */ = {isa = PBXBuildFile; fileRef = DB2FC4A31F0FE13B00AEEE14 /* Content+CoreDataProperties.swift */; };
		DBFE18A61F110E98002B956D /* Content+CoreDataClass.swift in Sources */ = {isa = PBXBuildFile; fileRef = DB2FC4A21F0FE13B00AEEE14 /* Content+CoreDataClass.swift */; };
/* End PBXBuildFile section */

/* Begin PBXContainerItemProxy section */
		DB2FC4B61F10698A00AEEE14 /* PBXContainerItemProxy */ = {
			isa = PBXContainerItemProxy;
			containerPortal = DB2E0A2F1F0FBDF30093AB9D /* Project object */;
			proxyType = 1;
			remoteGlobalIDString = DB2FC4B31F10698A00AEEE14;
			remoteInfo = "watchkit Extension";
		};
		DB2FC4C01F10698A00AEEE14 /* PBXContainerItemProxy */ = {
			isa = PBXContainerItemProxy;
			containerPortal = DB2E0A2F1F0FBDF30093AB9D /* Project object */;
			proxyType = 1;
			remoteGlobalIDString = DB2FC4A71F10698A00AEEE14;
			remoteInfo = watchkit;
		};
/* End PBXContainerItemProxy section */

/* Begin PBXCopyFilesBuildPhase section */
		DB2FC4C61F10698A00AEEE14 /* Embed App Extensions */ = {
			isa = PBXCopyFilesBuildPhase;
			buildActionMask = 2147483647;
			dstPath = "";
			dstSubfolderSpec = 13;
			files = (
				DB2FC4B51F10698A00AEEE14 /* watchkit Extension.appex in Embed App Extensions */,
			);
			name = "Embed App Extensions";
			runOnlyForDeploymentPostprocessing = 0;
		};
		DB2FC4CA1F10698A00AEEE14 /* Embed Watch Content */ = {
			isa = PBXCopyFilesBuildPhase;
			buildActionMask = 2147483647;
			dstPath = "$(CONTENTS_FOLDER_PATH)/Watch";
			dstSubfolderSpec = 16;
			files = (
				DB2FC4C21F10698A00AEEE14 /* watchkit.app in Embed Watch Content */,
			);
			name = "Embed Watch Content";
			runOnlyForDeploymentPostprocessing = 0;
		};
		DB2FC4DC1F106A0300AEEE14 /* Embed Frameworks */ = {
			isa = PBXCopyFilesBuildPhase;
			buildActionMask = 2147483647;
			dstPath = "";
			dstSubfolderSpec = 10;
			files = (
			);
			name = "Embed Frameworks";
			runOnlyForDeploymentPostprocessing = 0;
		};
/* End PBXCopyFilesBuildPhase section */

/* Begin PBXFileReference section */
		DB2E0A371F0FBDF30093AB9D /* testTable.app */ = {isa = PBXFileReference; explicitFileType = wrapper.application; includeInIndex = 0; path = testTable.app; sourceTree = BUILT_PRODUCTS_DIR; };
		DB2E0A3A1F0FBDF30093AB9D /* AppDelegate.swift */ = {isa = PBXFileReference; lastKnownFileType = sourcecode.swift; path = AppDelegate.swift; sourceTree = "<group>"; };
		DB2E0A3C1F0FBDF30093AB9D /* ViewController.swift */ = {isa = PBXFileReference; lastKnownFileType = sourcecode.swift; path = ViewController.swift; sourceTree = "<group>"; };
		DB2E0A3F1F0FBDF30093AB9D /* Base */ = {isa = PBXFileReference; lastKnownFileType = file.storyboard; name = Base; path = Base.lproj/Main.storyboard; sourceTree = "<group>"; };
		DB2E0A411F0FBDF30093AB9D /* Assets.xcassets */ = {isa = PBXFileReference; lastKnownFileType = folder.assetcatalog; path = Assets.xcassets; sourceTree = "<group>"; };
		DB2E0A441F0FBDF30093AB9D /* Base */ = {isa = PBXFileReference; lastKnownFileType = file.storyboard; name = Base; path = Base.lproj/LaunchScreen.storyboard; sourceTree = "<group>"; };
		DB2E0A461F0FBDF30093AB9D /* Info.plist */ = {isa = PBXFileReference; lastKnownFileType = text.plist.xml; path = Info.plist; sourceTree = "<group>"; };
		DB2E0A4C1F0FBE5F0093AB9D /* TableViewCell.swift */ = {isa = PBXFileReference; fileEncoding = 4; lastKnownFileType = sourcecode.swift; path = TableViewCell.swift; sourceTree = "<group>"; };
		DB2E0A4E1F0FBEB40093AB9D /* addContentViewController.swift */ = {isa = PBXFileReference; fileEncoding = 4; lastKnownFileType = sourcecode.swift; path = addContentViewController.swift; sourceTree = "<group>"; };
		DB2FC48A1F0FD98200AEEE14 /* Model.xcdatamodel */ = {isa = PBXFileReference; lastKnownFileType = wrapper.xcdatamodel; path = Model.xcdatamodel; sourceTree = "<group>"; };
		DB2FC4A21F0FE13B00AEEE14 /* Content+CoreDataClass.swift */ = {isa = PBXFileReference; fileEncoding = 4; lastKnownFileType = sourcecode.swift; path = "Content+CoreDataClass.swift"; sourceTree = "<group>"; };
		DB2FC4A31F0FE13B00AEEE14 /* Content+CoreDataProperties.swift */ = {isa = PBXFileReference; fileEncoding = 4; lastKnownFileType = sourcecode.swift; path = "Content+CoreDataProperties.swift"; sourceTree = "<group>"; };
		DB2FC4A81F10698A00AEEE14 /* watchkit.app */ = {isa = PBXFileReference; explicitFileType = wrapper.application; includeInIndex = 0; path = watchkit.app; sourceTree = BUILT_PRODUCTS_DIR; };
		DB2FC4AB1F10698A00AEEE14 /* Base */ = {isa = PBXFileReference; lastKnownFileType = file.storyboard; name = Base; path = Base.lproj/Interface.storyboard; sourceTree = "<group>"; };
		DB2FC4AD1F10698A00AEEE14 /* Assets.xcassets */ = {isa = PBXFileReference; lastKnownFileType = folder.assetcatalog; path = Assets.xcassets; sourceTree = "<group>"; };
		DB2FC4AF1F10698A00AEEE14 /* Info.plist */ = {isa = PBXFileReference; lastKnownFileType = text.plist.xml; path = Info.plist; sourceTree = "<group>"; };
		DB2FC4B41F10698A00AEEE14 /* watchkit Extension.appex */ = {isa = PBXFileReference; explicitFileType = "wrapper.app-extension"; includeInIndex = 0; path = "watchkit Extension.appex"; sourceTree = BUILT_PRODUCTS_DIR; };
		DB2FC4B91F10698A00AEEE14 /* InterfaceController.swift */ = {isa = PBXFileReference; lastKnownFileType = sourcecode.swift; path = InterfaceController.swift; sourceTree = "<group>"; };
		DB2FC4BB1F10698A00AEEE14 /* ExtensionDelegate.swift */ = {isa = PBXFileReference; lastKnownFileType = sourcecode.swift; path = ExtensionDelegate.swift; sourceTree = "<group>"; };
		DB2FC4BD1F10698A00AEEE14 /* Assets.xcassets */ = {isa = PBXFileReference; lastKnownFileType = folder.assetcatalog; path = Assets.xcassets; sourceTree = "<group>"; };
		DB2FC4BF1F10698A00AEEE14 /* Info.plist */ = {isa = PBXFileReference; lastKnownFileType = text.plist.xml; path = Info.plist; sourceTree = "<group>"; };
		DB2FC4DD1F106ACD00AEEE14 /* testTable.entitlements */ = {isa = PBXFileReference; lastKnownFileType = text.plist.entitlements; path = testTable.entitlements; sourceTree = "<group>"; };
		DB2FC4DE1F106AD400AEEE14 /* watchkit.entitlements */ = {isa = PBXFileReference; lastKnownFileType = text.plist.entitlements; path = watchkit.entitlements; sourceTree = "<group>"; };
		DB2FC4DF1F106ADB00AEEE14 /* watchkit Extension.entitlements */ = {isa = PBXFileReference; lastKnownFileType = text.plist.entitlements; path = "watchkit Extension.entitlements"; sourceTree = "<group>"; };
		DB2FC4E01F106BDA00AEEE14 /* SwiftCoreDataHelper.swift */ = {isa = PBXFileReference; fileEncoding = 4; lastKnownFileType = sourcecode.swift; path = SwiftCoreDataHelper.swift; sourceTree = "<group>"; };
/* End PBXFileReference section */

/* Begin PBXFrameworksBuildPhase section */
		DB2E0A341F0FBDF30093AB9D /* Frameworks */ = {
			isa = PBXFrameworksBuildPhase;
			buildActionMask = 2147483647;
			files = (
			);
			runOnlyForDeploymentPostprocessing = 0;
		};
		DB2FC4B11F10698A00AEEE14 /* Frameworks */ = {
			isa = PBXFrameworksBuildPhase;
			buildActionMask = 2147483647;
			files = (
			);
			runOnlyForDeploymentPostprocessing = 0;
		};
/* End PBXFrameworksBuildPhase section */

/* Begin PBXGroup section */
		DB2E0A2E1F0FBDF30093AB9D = {
			isa = PBXGroup;
			children = (
				DBFE18A31F110E6F002B956D /* Database */,
				DBFE18A21F110E5D002B956D /* Helper */,
				DB2E0A391F0FBDF30093AB9D /* testTable */,
				DB2FC4A91F10698A00AEEE14 /* watchkit */,
				DB2FC4B81F10698A00AEEE14 /* watchkit Extension */,
				DB2E0A381F0FBDF30093AB9D /* Products */,
			);
			sourceTree = "<group>";
		};
		DB2E0A381F0FBDF30093AB9D /* Products */ = {
			isa = PBXGroup;
			children = (
				DB2E0A371F0FBDF30093AB9D /* testTable.app */,
				DB2FC4A81F10698A00AEEE14 /* watchkit.app */,
				DB2FC4B41F10698A00AEEE14 /* watchkit Extension.appex */,
			);
			name = Products;
			sourceTree = "<group>";
		};
		DB2E0A391F0FBDF30093AB9D /* testTable */ = {
			isa = PBXGroup;
			children = (
				DB2FC4DD1F106ACD00AEEE14 /* testTable.entitlements */,
				DB2E0A3A1F0FBDF30093AB9D /* AppDelegate.swift */,
				DB2E0A3C1F0FBDF30093AB9D /* ViewController.swift */,
				DB2E0A3E1F0FBDF30093AB9D /* Main.storyboard */,
				DB2E0A411F0FBDF30093AB9D /* Assets.xcassets */,
				DB2E0A431F0FBDF30093AB9D /* LaunchScreen.storyboard */,
				DB2E0A461F0FBDF30093AB9D /* Info.plist */,
				DB2E0A4C1F0FBE5F0093AB9D /* TableViewCell.swift */,
				DB2E0A4E1F0FBEB40093AB9D /* addContentViewController.swift */,
			);
			path = testTable;
			sourceTree = "<group>";
		};
		DB2FC4A91F10698A00AEEE14 /* watchkit */ = {
			isa = PBXGroup;
			children = (
				DB2FC4DE1F106AD400AEEE14 /* watchkit.entitlements */,
				DB2FC4AA1F10698A00AEEE14 /* Interface.storyboard */,
				DB2FC4AD1F10698A00AEEE14 /* Assets.xcassets */,
				DB2FC4AF1F10698A00AEEE14 /* Info.plist */,
			);
			path = watchkit;
			sourceTree = "<group>";
		};
		DB2FC4B81F10698A00AEEE14 /* watchkit Extension */ = {
			isa = PBXGroup;
			children = (
				DB2FC4DF1F106ADB00AEEE14 /* watchkit Extension.entitlements */,
				DB2FC4B91F10698A00AEEE14 /* InterfaceController.swift */,
				DB2FC4BB1F10698A00AEEE14 /* ExtensionDelegate.swift */,
				DB2FC4BD1F10698A00AEEE14 /* Assets.xcassets */,
				DB2FC4BF1F10698A00AEEE14 /* Info.plist */,
			);
			path = "watchkit Extension";
			sourceTree = "<group>";
		};
		DBFE18A21F110E5D002B956D /* Helper */ = {
			isa = PBXGroup;
			children = (
				DB2FC4E01F106BDA00AEEE14 /* SwiftCoreDataHelper.swift */,
			);
			name = Helper;
			sourceTree = "<group>";
		};
		DBFE18A31F110E6F002B956D /* Database */ = {
			isa = PBXGroup;
			children = (
				DB2FC4A21F0FE13B00AEEE14 /* Content+CoreDataClass.swift */,
				DB2FC4A31F0FE13B00AEEE14 /* Content+CoreDataProperties.swift */,
				DB2FC4891F0FD98200AEEE14 /* Model.xcdatamodeld */,
			);
			name = Database;
			sourceTree = "<group>";
		};
/* End PBXGroup section */

/* Begin PBXNativeTarget section */
		DB2E0A361F0FBDF30093AB9D /* testTable */ = {
			isa = PBXNativeTarget;
			buildConfigurationList = DB2E0A491F0FBDF30093AB9D /* Build configuration list for PBXNativeTarget "testTable" */;
			buildPhases = (
				DB2E0A331F0FBDF30093AB9D /* Sources */,
				DB2E0A341F0FBDF30093AB9D /* Frameworks */,
				DB2E0A351F0FBDF30093AB9D /* Resources */,
				DB2FC4CA1F10698A00AEEE14 /* Embed Watch Content */,
				DB2FC4DC1F106A0300AEEE14 /* Embed Frameworks */,
			);
			buildRules = (
			);
			dependencies = (
				DB2FC4C11F10698A00AEEE14 /* PBXTargetDependency */,
			);
			name = testTable;
			productName = testTable;
			productReference = DB2E0A371F0FBDF30093AB9D /* testTable.app */;
			productType = "com.apple.product-type.application";
		};
		DB2FC4A71F10698A00AEEE14 /* watchkit */ = {
			isa = PBXNativeTarget;
			buildConfigurationList = DB2FC4C71F10698A00AEEE14 /* Build configuration list for PBXNativeTarget "watchkit" */;
			buildPhases = (
				DB2FC4A61F10698A00AEEE14 /* Resources */,
				DB2FC4C61F10698A00AEEE14 /* Embed App Extensions */,
			);
			buildRules = (
			);
			dependencies = (
				DB2FC4B71F10698A00AEEE14 /* PBXTargetDependency */,
			);
			name = watchkit;
			productName = watchkit;
			productReference = DB2FC4A81F10698A00AEEE14 /* watchkit.app */;
			productType = "com.apple.product-type.application.watchapp2";
		};
		DB2FC4B31F10698A00AEEE14 /* watchkit Extension */ = {
			isa = PBXNativeTarget;
			buildConfigurationList = DB2FC4C31F10698A00AEEE14 /* Build configuration list for PBXNativeTarget "watchkit Extension" */;
			buildPhases = (
				DB2FC4B01F10698A00AEEE14 /* Sources */,
				DB2FC4B11F10698A00AEEE14 /* Frameworks */,
				DB2FC4B21F10698A00AEEE14 /* Resources */,
			);
			buildRules = (
			);
			dependencies = (
			);
			name = "watchkit Extension";
			productName = "watchkit Extension";
			productReference = DB2FC4B41F10698A00AEEE14 /* watchkit Extension.appex */;
			productType = "com.apple.product-type.watchkit2-extension";
		};
/* End PBXNativeTarget section */

/* Begin PBXProject section */
		DB2E0A2F1F0FBDF30093AB9D /* Project object */ = {
			isa = PBXProject;
			attributes = {
				LastSwiftUpdateCheck = 0830;
				LastUpgradeCheck = 0830;
				ORGANIZATIONNAME = com;
				TargetAttributes = {
					DB2E0A361F0FBDF30093AB9D = {
						CreatedOnToolsVersion = 8.3.3;
						ProvisioningStyle = Automatic;
						SystemCapabilities = {
							com.apple.ApplicationGroups.iOS = {
								enabled = 1;
							};
						};
					};
					DB2FC4A71F10698A00AEEE14 = {
						CreatedOnToolsVersion = 8.3.3;
						ProvisioningStyle = Automatic;
						SystemCapabilities = {
							com.apple.ApplicationGroups.iOS = {
								enabled = 1;
							};
						};
					};
					DB2FC4B31F10698A00AEEE14 = {
						CreatedOnToolsVersion = 8.3.3;
						ProvisioningStyle = Automatic;
						SystemCapabilities = {
							com.apple.ApplicationGroups.iOS = {
								enabled = 1;
							};
						};
					};
				};
			};
			buildConfigurationList = DB2E0A321F0FBDF30093AB9D /* Build configuration list for PBXProject "testTable" */;
			compatibilityVersion = "Xcode 3.2";
			developmentRegion = English;
			hasScannedForEncodings = 0;
			knownRegions = (
				en,
				Base,
			);
			mainGroup = DB2E0A2E1F0FBDF30093AB9D;
			productRefGroup = DB2E0A381F0FBDF30093AB9D /* Products */;
			projectDirPath = "";
			projectRoot = "";
			targets = (
				DB2E0A361F0FBDF30093AB9D /* testTable */,
				DB2FC4A71F10698A00AEEE14 /* watchkit */,
				DB2FC4B31F10698A00AEEE14 /* watchkit Extension */,
			);
		};
/* End PBXProject section */

/* Begin PBXResourcesBuildPhase section */
		DB2E0A351F0FBDF30093AB9D /* Resources */ = {
			isa = PBXResourcesBuildPhase;
			buildActionMask = 2147483647;
			files = (
				DB2E0A451F0FBDF30093AB9D /* LaunchScreen.storyboard in Resources */,
				DB2E0A421F0FBDF30093AB9D /* Assets.xcassets in Resources */,
				DB2E0A401F0FBDF30093AB9D /* Main.storyboard in Resources */,
			);
			runOnlyForDeploymentPostprocessing = 0;
		};
		DB2FC4A61F10698A00AEEE14 /* Resources */ = {
			isa = PBXResourcesBuildPhase;
			buildActionMask = 2147483647;
			files = (
				DB2FC4AE1F10698A00AEEE14 /* Assets.xcassets in Resources */,
				DB2FC4AC1F10698A00AEEE14 /* Interface.storyboard in Resources */,
			);
			runOnlyForDeploymentPostprocessing = 0;
		};
		DB2FC4B21F10698A00AEEE14 /* Resources */ = {
			isa = PBXResourcesBuildPhase;
			buildActionMask = 2147483647;
			files = (
				DB2FC4BE1F10698A00AEEE14 /* Assets.xcassets in Resources */,
			);
			runOnlyForDeploymentPostprocessing = 0;
		};
/* End PBXResourcesBuildPhase section */

/* Begin PBXSourcesBuildPhase section */
		DB2E0A331F0FBDF30093AB9D /* Sources */ = {
			isa = PBXSourcesBuildPhase;
			buildActionMask = 2147483647;
			files = (
				DB2E0A4F1F0FBEB40093AB9D /* addContentViewController.swift in Sources */,
				DB2E0A4D1F0FBE5F0093AB9D /* TableViewCell.swift in Sources */,
				DB2E0A3D1F0FBDF30093AB9D /* ViewController.swift in Sources */,
				DB2FC4E11F106BDA00AEEE14 /* SwiftCoreDataHelper.swift in Sources */,
				DBFE18A51F110E94002B956D /* Content+CoreDataProperties.swift in Sources */,
				DBFE18A61F110E98002B956D /* Content+CoreDataClass.swift in Sources */,
				DB2E0A3B1F0FBDF30093AB9D /* AppDelegate.swift in Sources */,
				DBFE18A41F110E8F002B956D /* Model.xcdatamodeld in Sources */,
			);
			runOnlyForDeploymentPostprocessing = 0;
		};
		DB2FC4B01F10698A00AEEE14 /* Sources */ = {
			isa = PBXSourcesBuildPhase;
			buildActionMask = 2147483647;
			files = (
				DB2FC4BC1F10698A00AEEE14 /* ExtensionDelegate.swift in Sources */,
				DB2FC4BA1F10698A00AEEE14 /* InterfaceController.swift in Sources */,
			);
			runOnlyForDeploymentPostprocessing = 0;
		};
/* End PBXSourcesBuildPhase section */

/* Begin PBXTargetDependency section */
		DB2FC4B71F10698A00AEEE14 /* PBXTargetDependency */ = {
			isa = PBXTargetDependency;
			target = DB2FC4B31F10698A00AEEE14 /* watchkit Extension */;
			targetProxy = DB2FC4B61F10698A00AEEE14 /* PBXContainerItemProxy */;
		};
		DB2FC4C11F10698A00AEEE14 /* PBXTargetDependency */ = {
			isa = PBXTargetDependency;
			target = DB2FC4A71F10698A00AEEE14 /* watchkit */;
			targetProxy = DB2FC4C01F10698A00AEEE14 /* PBXContainerItemProxy */;
		};
/* End PBXTargetDependency section */

/* Begin PBXVariantGroup section */
		DB2E0A3E1F0FBDF30093AB9D /* Main.storyboard */ = {
			isa = PBXVariantGroup;
			children = (
				DB2E0A3F1F0FBDF30093AB9D /* Base */,
			);
			name = Main.storyboard;
			sourceTree = "<group>";
		};
		DB2E0A431F0FBDF30093AB9D /* LaunchScreen.storyboard */ = {
			isa = PBXVariantGroup;
			children = (
				DB2E0A441F0FBDF30093AB9D /* Base */,
			);
			name = LaunchScreen.storyboard;
			sourceTree = "<group>";
		};
		DB2FC4AA1F10698A00AEEE14 /* Interface.storyboard */ = {
			isa = PBXVariantGroup;
			children = (
				DB2FC4AB1F10698A00AEEE14 /* Base */,
			);
			name = Interface.storyboard;
			sourceTree = "<group>";
		};
/* End PBXVariantGroup section */

/* Begin XCBuildConfiguration section */
		DB2E0A471F0FBDF30093AB9D /* Debug */ = {
			isa = XCBuildConfiguration;
			buildSettings = {
				ALWAYS_SEARCH_USER_PATHS = NO;
				CLANG_ANALYZER_NONNULL = YES;
				CLANG_ANALYZER_NUMBER_OBJECT_CONVERSION = YES_AGGRESSIVE;
				CLANG_CXX_LANGUAGE_STANDARD = "gnu++0x";
				CLANG_CXX_LIBRARY = "libc++";
				CLANG_ENABLE_MODULES = YES;
				CLANG_ENABLE_OBJC_ARC = YES;
				CLANG_WARN_BOOL_CONVERSION = YES;
				CLANG_WARN_CONSTANT_CONVERSION = YES;
				CLANG_WARN_DIRECT_OBJC_ISA_USAGE = YES_ERROR;
				CLANG_WARN_DOCUMENTATION_COMMENTS = YES;
				CLANG_WARN_EMPTY_BODY = YES;
				CLANG_WARN_ENUM_CONVERSION = YES;
				CLANG_WARN_INFINITE_RECURSION = YES;
				CLANG_WARN_INT_CONVERSION = YES;
				CLANG_WARN_OBJC_ROOT_CLASS = YES_ERROR;
				CLANG_WARN_SUSPICIOUS_MOVE = YES;
				CLANG_WARN_UNREACHABLE_CODE = YES;
				CLANG_WARN__DUPLICATE_METHOD_MATCH = YES;
				"CODE_SIGN_IDENTITY[sdk=iphoneos*]" = "iPhone Developer";
				COPY_PHASE_STRIP = NO;
				DEBUG_INFORMATION_FORMAT = dwarf;
				ENABLE_STRICT_OBJC_MSGSEND = YES;
				ENABLE_TESTABILITY = YES;
				GCC_C_LANGUAGE_STANDARD = gnu99;
				GCC_DYNAMIC_NO_PIC = NO;
				GCC_NO_COMMON_BLOCKS = YES;
				GCC_OPTIMIZATION_LEVEL = 0;
				GCC_PREPROCESSOR_DEFINITIONS = (
					"DEBUG=1",
					"$(inherited)",
				);
				GCC_WARN_64_TO_32_BIT_CONVERSION = YES;
				GCC_WARN_ABOUT_RETURN_TYPE = YES_ERROR;
				GCC_WARN_UNDECLARED_SELECTOR = YES;
				GCC_WARN_UNINITIALIZED_AUTOS = YES_AGGRESSIVE;
				GCC_WARN_UNUSED_FUNCTION = YES;
				GCC_WARN_UNUSED_VARIABLE = YES;
				IPHONEOS_DEPLOYMENT_TARGET = 10.3;
				MTL_ENABLE_DEBUG_INFO = YES;
				ONLY_ACTIVE_ARCH = YES;
				SDKROOT = iphoneos;
				SWIFT_ACTIVE_COMPILATION_CONDITIONS = DEBUG;
				SWIFT_OPTIMIZATION_LEVEL = "-Onone";
				TARGETED_DEVICE_FAMILY = "1,2";
			};
			name = Debug;
		};
		DB2E0A481F0FBDF30093AB9D /* Release */ = {
			isa = XCBuildConfiguration;
			buildSettings = {
				ALWAYS_SEARCH_USER_PATHS = NO;
				CLANG_ANALYZER_NONNULL = YES;
				CLANG_ANALYZER_NUMBER_OBJECT_CONVERSION = YES_AGGRESSIVE;
				CLANG_CXX_LANGUAGE_STANDARD = "gnu++0x";
				CLANG_CXX_LIBRARY = "libc++";
				CLANG_ENABLE_MODULES = YES;
				CLANG_ENABLE_OBJC_ARC = YES;
				CLANG_WARN_BOOL_CONVERSION = YES;
				CLANG_WARN_CONSTANT_CONVERSION = YES;
				CLANG_WARN_DIRECT_OBJC_ISA_USAGE = YES_ERROR;
				CLANG_WARN_DOCUMENTATION_COMMENTS = YES;
				CLANG_WARN_EMPTY_BODY = YES;
				CLANG_WARN_ENUM_CONVERSION = YES;
				CLANG_WARN_INFINITE_RECURSION = YES;
				CLANG_WARN_INT_CONVERSION = YES;
				CLANG_WARN_OBJC_ROOT_CLASS = YES_ERROR;
				CLANG_WARN_SUSPICIOUS_MOVE = YES;
				CLANG_WARN_UNREACHABLE_CODE = YES;
				CLANG_WARN__DUPLICATE_METHOD_MATCH = YES;
				"CODE_SIGN_IDENTITY[sdk=iphoneos*]" = "iPhone Developer";
				COPY_PHASE_STRIP = NO;
				DEBUG_INFORMATION_FORMAT = "dwarf-with-dsym";
				ENABLE_NS_ASSERTIONS = NO;
				ENABLE_STRICT_OBJC_MSGSEND = YES;
				GCC_C_LANGUAGE_STANDARD = gnu99;
				GCC_NO_COMMON_BLOCKS = YES;
				GCC_WARN_64_TO_32_BIT_CONVERSION = YES;
				GCC_WARN_ABOUT_RETURN_TYPE = YES_ERROR;
				GCC_WARN_UNDECLARED_SELECTOR = YES;
				GCC_WARN_UNINITIALIZED_AUTOS = YES_AGGRESSIVE;
				GCC_WARN_UNUSED_FUNCTION = YES;
				GCC_WARN_UNUSED_VARIABLE = YES;
				IPHONEOS_DEPLOYMENT_TARGET = 10.3;
				MTL_ENABLE_DEBUG_INFO = NO;
				SDKROOT = iphoneos;
				SWIFT_OPTIMIZATION_LEVEL = "-Owholemodule";
				TARGETED_DEVICE_FAMILY = "1,2";
				VALIDATE_PRODUCT = YES;
			};
			name = Release;
		};
		DB2E0A4A1F0FBDF30093AB9D /* Debug */ = {
			isa = XCBuildConfiguration;
			buildSettings = {
				ALWAYS_EMBED_SWIFT_STANDARD_LIBRARIES = YES;
				ASSETCATALOG_COMPILER_APPICON_NAME = AppIcon;
				CODE_SIGN_ENTITLEMENTS = testTable/testTable.entitlements;
				DEVELOPMENT_TEAM = "";
				INFOPLIST_FILE = testTable/Info.plist;
				LD_RUNPATH_SEARCH_PATHS = "$(inherited) @executable_path/Frameworks";
				PRODUCT_NAME = "$(TARGET_NAME)";
				SWIFT_VERSION = 3.0;
			};
			name = Debug;
		};
		DB2E0A4B1F0FBDF30093AB9D /* Release */ = {
			isa = XCBuildConfiguration;
			buildSettings = {
				ALWAYS_EMBED_SWIFT_STANDARD_LIBRARIES = YES;
				ASSETCATALOG_COMPILER_APPICON_NAME = AppIcon;
				CODE_SIGN_ENTITLEMENTS = testTable/testTable.entitlements;
				DEVELOPMENT_TEAM = "";
				INFOPLIST_FILE = testTable/Info.plist;
				LD_RUNPATH_SEARCH_PATHS = "$(inherited) @executable_path/Frameworks";
				PRODUCT_NAME = "$(TARGET_NAME)";
				SWIFT_VERSION = 3.0;
			};
			name = Release;
		};
		DB2FC4C41F10698A00AEEE14 /* Debug */ = {
			isa = XCBuildConfiguration;
			buildSettings = {
				ASSETCATALOG_COMPILER_COMPLICATION_NAME = Complication;
				CODE_SIGN_ENTITLEMENTS = "watchkit Extension/watchkit Extension.entitlements";
				DEVELOPMENT_TEAM = "";
				FRAMEWORK_SEARCH_PATHS = "";
				INFOPLIST_FILE = "watchkit Extension/Info.plist";
				LD_RUNPATH_SEARCH_PATHS = "$(inherited) @executable_path/Frameworks @executable_path/../../Frameworks";
				PRODUCT_NAME = "${TARGET_NAME}";
				SDKROOT = watchos;
				SKIP_INSTALL = YES;
				SWIFT_VERSION = 3.0;
				TARGETED_DEVICE_FAMILY = 4;
				WATCHOS_DEPLOYMENT_TARGET = 3.2;
			};
			name = Debug;
		};
		DB2FC4C51F10698A00AEEE14 /* Release */ = {
			isa = XCBuildConfiguration;
			buildSettings = {
				ASSETCATALOG_COMPILER_COMPLICATION_NAME = Complication;
				CODE_SIGN_ENTITLEMENTS = "watchkit Extension/watchkit Extension.entitlements";
				DEVELOPMENT_TEAM = "";
				FRAMEWORK_SEARCH_PATHS = "";
				INFOPLIST_FILE = "watchkit Extension/Info.plist";
				LD_RUNPATH_SEARCH_PATHS = "$(inherited) @executable_path/Frameworks @executable_path/../../Frameworks";
				PRODUCT_NAME = "${TARGET_NAME}";
				SDKROOT = watchos;
				SKIP_INSTALL = YES;
				SWIFT_VERSION = 3.0;
				TARGETED_DEVICE_FAMILY = 4;
				WATCHOS_DEPLOYMENT_TARGET = 3.2;
			};
			name = Release;
		};
		DB2FC4C81F10698A00AEEE14 /* Debug */ = {
			isa = XCBuildConfiguration;
			buildSettings = {
				ALWAYS_EMBED_SWIFT_STANDARD_LIBRARIES = YES;
				ASSETCATALOG_COMPILER_APPICON_NAME = AppIcon;
				CODE_SIGN_ENTITLEMENTS = watchkit/watchkit.entitlements;
				DEVELOPMENT_TEAM = "";
				IBSC_MODULE = watchkit_Extension;
				INFOPLIST_FILE = watchkit/Info.plist;
				PRODUCT_NAME = "$(TARGET_NAME)";
				SDKROOT = watchos;
				SKIP_INSTALL = YES;
				SWIFT_VERSION = 3.0;
				TARGETED_DEVICE_FAMILY = 4;
				WATCHOS_DEPLOYMENT_TARGET = 3.2;
			};
			name = Debug;
		};
		DB2FC4C91F10698A00AEEE14 /* Release */ = {
			isa = XCBuildConfiguration;
			buildSettings = {
				ALWAYS_EMBED_SWIFT_STANDARD_LIBRARIES = YES;
				ASSETCATALOG_COMPILER_APPICON_NAME = AppIcon;
				CODE_SIGN_ENTITLEMENTS = watchkit/watchkit.entitlements;
				DEVELOPMENT_TEAM = "";
				IBSC_MODULE = watchkit_Extension;
				INFOPLIST_FILE = watchkit/Info.plist;
				PRODUCT_NAME = "$(TARGET_NAME)";
				SDKROOT = watchos;
				SKIP_INSTALL = YES;
				SWIFT_VERSION = 3.0;
				TARGETED_DEVICE_FAMILY = 4;
				WATCHOS_DEPLOYMENT_TARGET = 3.2;
			};
			name = Release;
		};
/* End XCBuildConfiguration section */

/* Begin XCConfigurationList section */
		DB2E0A321F0FBDF30093AB9D /* Build configuration list for PBXProject "testTable" */ = {
			isa = XCConfigurationList;
			buildConfigurations = (
				DB2E0A471F0FBDF30093AB9D /* Debug */,
				DB2E0A481F0FBDF30093AB9D /* Release */,
			);
			defaultConfigurationIsVisible = 0;
			defaultConfigurationName = Release;
		};
		DB2E0A491F0FBDF30093AB9D /* Build configuration list for PBXNativeTarget "testTable" */ = {
			isa = XCConfigurationList;
			buildConfigurations = (
				DB2E0A4A1F0FBDF30093AB9D /* Debug */,
				DB2E0A4B1F0FBDF30093AB9D /* Release */,
			);
			defaultConfigurationIsVisible = 0;
			defaultConfigurationName = Release;
		};
		DB2FC4C31F10698A00AEEE14 /* Build configuration list for PBXNativeTarget "watchkit Extension" */ = {
			isa = XCConfigurationList;
			buildConfigurations = (
				DB2FC4C41F10698A00AEEE14 /* Debug */,
				DB2FC4C51F10698A00AEEE14 /* Release */,
			);
			defaultConfigurationIsVisible = 0;
			defaultConfigurationName = Release;
		};
		DB2FC4C71F10698A00AEEE14 /* Build configuration list for PBXNativeTarget "watchkit" */ = {
			isa = XCConfigurationList;
			buildConfigurations = (
				DB2FC4C81F10698A00AEEE14 /* Debug */,
				DB2FC4C91F10698A00AEEE14 /* Release */,
			);
			defaultConfigurationIsVisible = 0;
			defaultConfigurationName = Release;
		};
/* End XCConfigurationList section */

/* Begin XCVersionGroup section */
		DB2FC4891F0FD98200AEEE14 /* Model.xcdatamodeld */ = {
			isa = XCVersionGroup;
			children = (
				DB2FC48A1F0FD98200AEEE14 /* Model.xcdatamodel */,
			);
			currentVersion = DB2FC48A1F0FD98200AEEE14 /* Model.xcdatamodel */;
			name = Model.xcdatamodeld;
			path = testTable/Model.xcdatamodeld;
			sourceTree = "<group>";
			versionGroupType = wrapper.xcdatamodel;
		};
/* End XCVersionGroup section */
	};
	rootObject = DB2E0A2F1F0FBDF30093AB9D /* Project object */;
}
